
Microsoft Visual Studio Solution File, Format Version 12.00
# Visual Studio 15
VisualStudioVersion = 15.0.27004.2008
MinimumVisualStudioVersion = 10.0.40219.1
Project("{F2A71F9B-5D33-465A-A702-920D77279786}") = "ConsoleApplication1", "ConsoleApplication1\ConsoleApplication1.fsproj", "{42E1BC4A-13D6-45C2-AD06-7C8F073E04A2}"
EndProject
Global
	GlobalSection(SolutionConfigurationPlatforms) = preSolution
		Debug|Any CPU = Debug|Any CPU
		Release|Any CPU = Release|Any CPU
	EndGlobalSection
	GlobalSection(ProjectConfigurationPlatforms) = postSolution
		{42E1BC4A-13D6-45C2-AD06-7C8F073E04A2}.Debug|Any CPU.ActiveCfg = Debug|Any CPU
		{42E1BC4A-13D6-45C2-AD06-7C8F073E04A2}.Debug|Any CPU.Build.0 = Debug|Any CPU
		{42E1BC4A-13D6-45C2-AD06-7C8F073E04A2}.Release|Any CPU.ActiveCfg = Release|Any CPU
		{42E1BC4A-13D6-45C2-AD06-7C8F073E04A2}.Release|Any CPU.Build.0 = Release|Any CPU
	EndGlobalSection
	GlobalSection(SolutionProperties) = preSolution
		HideSolutionNode = FALSE
	EndGlobalSection
	GlobalSection(ExtensibilityGlobals) = postSolution
		SolutionGuid = {3C02132B-6946-4B40-8572-A52D79E9BA2A}
	EndGlobalSection
EndGlobal
